// !$*UTF8*$!
{
	archiveVersion = 1;
	classes = {
	};
	objectVersion = 51;
	objects = {

/* Begin PBXBuildFile section */
		16B1C536E43E47E5C1AD68B8 /* Pods_RxSwiftExample.framework in Frameworks */ = {isa = PBXBuildFile; fileRef = 33F66222C5F95B137A6A1FCA /* Pods_RxSwiftExample.framework */; };
		26ACD9570E3E328F4E1BD8BF /* Pods_RxSwiftExampleTests.framework in Frameworks */ = {isa = PBXBuildFile; fileRef = 6F3D6E7D12C7D47A22E336C3 /* Pods_RxSwiftExampleTests.framework */; };
		7B9FE442FF571DD84AA9BBE9 /* Pods_RxSwiftExample_RxSwiftExampleUITests.framework in Frameworks */ = {isa = PBXBuildFile; fileRef = 3E6F1C4EC9BD27B3087C9110 /* Pods_RxSwiftExample_RxSwiftExampleUITests.framework */; };
		B10BF451254D7E5B000AD525 /* AppDelegate.swift in Sources */ = {isa = PBXBuildFile; fileRef = B10BF450254D7E5B000AD525 /* AppDelegate.swift */; };
		B10BF453254D7E5B000AD525 /* SceneDelegate.swift in Sources */ = {isa = PBXBuildFile; fileRef = B10BF452254D7E5B000AD525 /* SceneDelegate.swift */; };
		B10BF455254D7E5B000AD525 /* ViewController.swift in Sources */ = {isa = PBXBuildFile; fileRef = B10BF454254D7E5B000AD525 /* ViewController.swift */; };
		B10BF458254D7E5B000AD525 /* Main.storyboard in Resources */ = {isa = PBXBuildFile; fileRef = B10BF456254D7E5B000AD525 /* Main.storyboard */; };
		B10BF45A254D7E5D000AD525 /* Assets.xcassets in Resources */ = {isa = PBXBuildFile; fileRef = B10BF459254D7E5D000AD525 /* Assets.xcassets */; };
		B10BF45D254D7E5D000AD525 /* LaunchScreen.storyboard in Resources */ = {isa = PBXBuildFile; fileRef = B10BF45B254D7E5D000AD525 /* LaunchScreen.storyboard */; };
		B10BF468254D7E5D000AD525 /* RxSwiftExampleTests.swift in Sources */ = {isa = PBXBuildFile; fileRef = B10BF467254D7E5D000AD525 /* RxSwiftExampleTests.swift */; };
		B10BF473254D7E5D000AD525 /* RxSwiftExampleUITests.swift in Sources */ = {isa = PBXBuildFile; fileRef = B10BF472254D7E5D000AD525 /* RxSwiftExampleUITests.swift */; };
/* End PBXBuildFile section */

/* Begin PBXContainerItemProxy section */
		B10BF464254D7E5D000AD525 /* PBXContainerItemProxy */ = {
			isa = PBXContainerItemProxy;
			containerPortal = B10BF445254D7E5B000AD525 /* Project object */;
			proxyType = 1;
			remoteGlobalIDString = B10BF44C254D7E5B000AD525;
			remoteInfo = RxSwiftExample;
		};
		B10BF46F254D7E5D000AD525 /* PBXContainerItemProxy */ = {
			isa = PBXContainerItemProxy;
			containerPortal = B10BF445254D7E5B000AD525 /* Project object */;
			proxyType = 1;
			remoteGlobalIDString = B10BF44C254D7E5B000AD525;
			remoteInfo = RxSwiftExample;
		};
/* End PBXContainerItemProxy section */

/* Begin PBXFileReference section */
		03C2239C977A80AA326CC351 /* Pods-RxSwiftExampleTests.release.xcconfig */ = {isa = PBXFileReference; includeInIndex = 1; lastKnownFileType = text.xcconfig; name = "Pods-RxSwiftExampleTests.release.xcconfig"; path = "Target Support Files/Pods-RxSwiftExampleTests/Pods-RxSwiftExampleTests.release.xcconfig"; sourceTree = "<group>"; };
		33F66222C5F95B137A6A1FCA /* Pods_RxSwiftExample.framework */ = {isa = PBXFileReference; explicitFileType = wrapper.framework; includeInIndex = 0; path = Pods_RxSwiftExample.framework; sourceTree = BUILT_PRODUCTS_DIR; };
		3E6F1C4EC9BD27B3087C9110 /* Pods_RxSwiftExample_RxSwiftExampleUITests.framework */ = {isa = PBXFileReference; explicitFileType = wrapper.framework; includeInIndex = 0; path = Pods_RxSwiftExample_RxSwiftExampleUITests.framework; sourceTree = BUILT_PRODUCTS_DIR; };
		48B00A23B8DA64F887C6A649 /* Pods-RxSwiftExample-RxSwiftExampleUITests.debug.xcconfig */ = {isa = PBXFileReference; includeInIndex = 1; lastKnownFileType = text.xcconfig; name = "Pods-RxSwiftExample-RxSwiftExampleUITests.debug.xcconfig"; path = "Target Support Files/Pods-RxSwiftExample-RxSwiftExampleUITests/Pods-RxSwiftExample-RxSwiftExampleUITests.debug.xcconfig"; sourceTree = "<group>"; };
		6685D52A2B9E67474D4678D0 /* Pods-RxSwiftExampleTests.debug.xcconfig */ = {isa = PBXFileReference; includeInIndex = 1; lastKnownFileType = text.xcconfig; name = "Pods-RxSwiftExampleTests.debug.xcconfig"; path = "Target Support Files/Pods-RxSwiftExampleTests/Pods-RxSwiftExampleTests.debug.xcconfig"; sourceTree = "<group>"; };
		6F3D6E7D12C7D47A22E336C3 /* Pods_RxSwiftExampleTests.framework */ = {isa = PBXFileReference; explicitFileType = wrapper.framework; includeInIndex = 0; path = Pods_RxSwiftExampleTests.framework; sourceTree = BUILT_PRODUCTS_DIR; };
		79A6434C7F57F9464F7BA4BD /* Pods-RxSwiftExample.release.xcconfig */ = {isa = PBXFileReference; includeInIndex = 1; lastKnownFileType = text.xcconfig; name = "Pods-RxSwiftExample.release.xcconfig"; path = "Target Support Files/Pods-RxSwiftExample/Pods-RxSwiftExample.release.xcconfig"; sourceTree = "<group>"; };
		96F70BB16FE4BF671FCE2EA1 /* Pods-RxSwiftExample.debug.xcconfig */ = {isa = PBXFileReference; includeInIndex = 1; lastKnownFileType = text.xcconfig; name = "Pods-RxSwiftExample.debug.xcconfig"; path = "Target Support Files/Pods-RxSwiftExample/Pods-RxSwiftExample.debug.xcconfig"; sourceTree = "<group>"; };
		B10BF44D254D7E5B000AD525 /* RxSwiftExample.app */ = {isa = PBXFileReference; explicitFileType = wrapper.application; includeInIndex = 0; path = RxSwiftExample.app; sourceTree = BUILT_PRODUCTS_DIR; };
		B10BF450254D7E5B000AD525 /* AppDelegate.swift */ = {isa = PBXFileReference; lastKnownFileType = sourcecode.swift; path = AppDelegate.swift; sourceTree = "<group>"; };
		B10BF452254D7E5B000AD525 /* SceneDelegate.swift */ = {isa = PBXFileReference; lastKnownFileType = sourcecode.swift; path = SceneDelegate.swift; sourceTree = "<group>"; };
		B10BF454254D7E5B000AD525 /* ViewController.swift */ = {isa = PBXFileReference; lastKnownFileType = sourcecode.swift; path = ViewController.swift; sourceTree = "<group>"; };
		B10BF457254D7E5B000AD525 /* Base */ = {isa = PBXFileReference; lastKnownFileType = file.storyboard; name = Base; path = Base.lproj/Main.storyboard; sourceTree = "<group>"; };
		B10BF459254D7E5D000AD525 /* Assets.xcassets */ = {isa = PBXFileReference; lastKnownFileType = folder.assetcatalog; path = Assets.xcassets; sourceTree = "<group>"; };
		B10BF45C254D7E5D000AD525 /* Base */ = {isa = PBXFileReference; lastKnownFileType = file.storyboard; name = Base; path = Base.lproj/LaunchScreen.storyboard; sourceTree = "<group>"; };
		B10BF45E254D7E5D000AD525 /* Info.plist */ = {isa = PBXFileReference; lastKnownFileType = text.plist.xml; path = Info.plist; sourceTree = "<group>"; };
		B10BF463254D7E5D000AD525 /* RxSwiftExampleTests.xctest */ = {isa = PBXFileReference; explicitFileType = wrapper.cfbundle; includeInIndex = 0; path = RxSwiftExampleTests.xctest; sourceTree = BUILT_PRODUCTS_DIR; };
		B10BF467254D7E5D000AD525 /* RxSwiftExampleTests.swift */ = {isa = PBXFileReference; lastKnownFileType = sourcecode.swift; path = RxSwiftExampleTests.swift; sourceTree = "<group>"; };
		B10BF469254D7E5D000AD525 /* Info.plist */ = {isa = PBXFileReference; lastKnownFileType = text.plist.xml; path = Info.plist; sourceTree = "<group>"; };
		B10BF46E254D7E5D000AD525 /* RxSwiftExampleUITests.xctest */ = {isa = PBXFileReference; explicitFileType = wrapper.cfbundle; includeInIndex = 0; path = RxSwiftExampleUITests.xctest; sourceTree = BUILT_PRODUCTS_DIR; };
		B10BF472254D7E5D000AD525 /* RxSwiftExampleUITests.swift */ = {isa = PBXFileReference; lastKnownFileType = sourcecode.swift; path = RxSwiftExampleUITests.swift; sourceTree = "<group>"; };
		B10BF474254D7E5D000AD525 /* Info.plist */ = {isa = PBXFileReference; lastKnownFileType = text.plist.xml; path = Info.plist; sourceTree = "<group>"; };
		B10BF48E254D7F81000AD525 /* Demo1.playground */ = {isa = PBXFileReference; lastKnownFileType = file.playground; path = Demo1.playground; sourceTree = "<group>"; xcLanguageSpecificationIdentifier = xcode.lang.swift; };
		B10BF492254D850D000AD525 /* Demo2.playground */ = {isa = PBXFileReference; lastKnownFileType = file.playground; path = Demo2.playground; sourceTree = "<group>"; xcLanguageSpecificationIdentifier = xcode.lang.swift; };
		B5241F9C8411F02E01F0A1F3 /* Pods-RxSwiftExample-RxSwiftExampleUITests.release.xcconfig */ = {isa = PBXFileReference; includeInIndex = 1; lastKnownFileType = text.xcconfig; name = "Pods-RxSwiftExample-RxSwiftExampleUITests.release.xcconfig"; path = "Target Support Files/Pods-RxSwiftExample-RxSwiftExampleUITests/Pods-RxSwiftExample-RxSwiftExampleUITests.release.xcconfig"; sourceTree = "<group>"; };
/* End PBXFileReference section */

/* Begin PBXFrameworksBuildPhase section */
		B10BF44A254D7E5B000AD525 /* Frameworks */ = {
			isa = PBXFrameworksBuildPhase;
			buildActionMask = 2147483647;
			files = (
				16B1C536E43E47E5C1AD68B8 /* Pods_RxSwiftExample.framework in Frameworks */,
			);
			runOnlyForDeploymentPostprocessing = 0;
		};
		B10BF460254D7E5D000AD525 /* Frameworks */ = {
			isa = PBXFrameworksBuildPhase;
			buildActionMask = 2147483647;
			files = (
				26ACD9570E3E328F4E1BD8BF /* Pods_RxSwiftExampleTests.framework in Frameworks */,
			);
			runOnlyForDeploymentPostprocessing = 0;
		};
		B10BF46B254D7E5D000AD525 /* Frameworks */ = {
			isa = PBXFrameworksBuildPhase;
			buildActionMask = 2147483647;
			files = (
				7B9FE442FF571DD84AA9BBE9 /* Pods_RxSwiftExample_RxSwiftExampleUITests.framework in Frameworks */,
			);
			runOnlyForDeploymentPostprocessing = 0;
		};
/* End PBXFrameworksBuildPhase section */

/* Begin PBXGroup section */
		85F9C865467EDCF6BA11A393 /* Frameworks */ = {
			isa = PBXGroup;
			children = (
				33F66222C5F95B137A6A1FCA /* Pods_RxSwiftExample.framework */,
				3E6F1C4EC9BD27B3087C9110 /* Pods_RxSwiftExample_RxSwiftExampleUITests.framework */,
				6F3D6E7D12C7D47A22E336C3 /* Pods_RxSwiftExampleTests.framework */,
			);
			name = Frameworks;
			sourceTree = "<group>";
		};
		AD07AC9E2963281B62FB5D80 /* Pods */ = {
			isa = PBXGroup;
			children = (
				96F70BB16FE4BF671FCE2EA1 /* Pods-RxSwiftExample.debug.xcconfig */,
				79A6434C7F57F9464F7BA4BD /* Pods-RxSwiftExample.release.xcconfig */,
				48B00A23B8DA64F887C6A649 /* Pods-RxSwiftExample-RxSwiftExampleUITests.debug.xcconfig */,
				B5241F9C8411F02E01F0A1F3 /* Pods-RxSwiftExample-RxSwiftExampleUITests.release.xcconfig */,
				6685D52A2B9E67474D4678D0 /* Pods-RxSwiftExampleTests.debug.xcconfig */,
				03C2239C977A80AA326CC351 /* Pods-RxSwiftExampleTests.release.xcconfig */,
			);
			path = Pods;
			sourceTree = "<group>";
		};
		B10BF444254D7E5B000AD525 = {
			isa = PBXGroup;
			children = (
				B10BF492254D850D000AD525 /* Demo2.playground */,
				B10BF48E254D7F81000AD525 /* Demo1.playground */,
				B10BF44F254D7E5B000AD525 /* RxSwiftExample */,
				B10BF466254D7E5D000AD525 /* RxSwiftExampleTests */,
				B10BF471254D7E5D000AD525 /* RxSwiftExampleUITests */,
				B10BF44E254D7E5B000AD525 /* Products */,
				AD07AC9E2963281B62FB5D80 /* Pods */,
				85F9C865467EDCF6BA11A393 /* Frameworks */,
			);
			sourceTree = "<group>";
		};
		B10BF44E254D7E5B000AD525 /* Products */ = {
			isa = PBXGroup;
			children = (
				B10BF44D254D7E5B000AD525 /* RxSwiftExample.app */,
				B10BF463254D7E5D000AD525 /* RxSwiftExampleTests.xctest */,
				B10BF46E254D7E5D000AD525 /* RxSwiftExampleUITests.xctest */,
			);
			name = Products;
			sourceTree = "<group>";
		};
		B10BF44F254D7E5B000AD525 /* RxSwiftExample */ = {
			isa = PBXGroup;
			children = (
				B10BF450254D7E5B000AD525 /* AppDelegate.swift */,
				B10BF452254D7E5B000AD525 /* SceneDelegate.swift */,
				B10BF454254D7E5B000AD525 /* ViewController.swift */,
				B10BF456254D7E5B000AD525 /* Main.storyboard */,
				B10BF459254D7E5D000AD525 /* Assets.xcassets */,
				B10BF45B254D7E5D000AD525 /* LaunchScreen.storyboard */,
				B10BF45E254D7E5D000AD525 /* Info.plist */,
			);
			path = RxSwiftExample;
			sourceTree = "<group>";
		};
		B10BF466254D7E5D000AD525 /* RxSwiftExampleTests */ = {
			isa = PBXGroup;
			children = (
				B10BF467254D7E5D000AD525 /* RxSwiftExampleTests.swift */,
				B10BF469254D7E5D000AD525 /* Info.plist */,
			);
			path = RxSwiftExampleTests;
			sourceTree = "<group>";
		};
		B10BF471254D7E5D000AD525 /* RxSwiftExampleUITests */ = {
			isa = PBXGroup;
			children = (
				B10BF472254D7E5D000AD525 /* RxSwiftExampleUITests.swift */,
				B10BF474254D7E5D000AD525 /* Info.plist */,
			);
			path = RxSwiftExampleUITests;
			sourceTree = "<group>";
		};
/* End PBXGroup section */

/* Begin PBXNativeTarget section */
		B10BF44C254D7E5B000AD525 /* RxSwiftExample */ = {
			isa = PBXNativeTarget;
			buildConfigurationList = B10BF477254D7E5D000AD525 /* Build configuration list for PBXNativeTarget "RxSwiftExample" */;
			buildPhases = (
				1B3195333A0C986AF693BAAA /* [CP] Check Pods Manifest.lock */,
				B10BF449254D7E5B000AD525 /* Sources */,
				B10BF44A254D7E5B000AD525 /* Frameworks */,
				B10BF44B254D7E5B000AD525 /* Resources */,
				0FC729169515F876E0D1095D /* [CP] Embed Pods Frameworks */,
			);
			buildRules = (
			);
			dependencies = (
			);
			name = RxSwiftExample;
			productName = RxSwiftExample;
			productReference = B10BF44D254D7E5B000AD525 /* RxSwiftExample.app */;
			productType = "com.apple.product-type.application";
		};
		B10BF462254D7E5D000AD525 /* RxSwiftExampleTests */ = {
			isa = PBXNativeTarget;
			buildConfigurationList = B10BF47A254D7E5D000AD525 /* Build configuration list for PBXNativeTarget "RxSwiftExampleTests" */;
			buildPhases = (
				183D9BF59CE67750116B423C /* [CP] Check Pods Manifest.lock */,
				B10BF45F254D7E5D000AD525 /* Sources */,
				B10BF460254D7E5D000AD525 /* Frameworks */,
				B10BF461254D7E5D000AD525 /* Resources */,
				98293DFA91B08860B9A80800 /* [CP] Embed Pods Frameworks */,
			);
			buildRules = (
			);
			dependencies = (
				B10BF465254D7E5D000AD525 /* PBXTargetDependency */,
			);
			name = RxSwiftExampleTests;
			productName = RxSwiftExampleTests;
			productReference = B10BF463254D7E5D000AD525 /* RxSwiftExampleTests.xctest */;
			productType = "com.apple.product-type.bundle.unit-test";
		};
		B10BF46D254D7E5D000AD525 /* RxSwiftExampleUITests */ = {
			isa = PBXNativeTarget;
			buildConfigurationList = B10BF47D254D7E5D000AD525 /* Build configuration list for PBXNativeTarget "RxSwiftExampleUITests" */;
			buildPhases = (
				F8ED1D3AE56826C01CB04B1D /* [CP] Check Pods Manifest.lock */,
				B10BF46A254D7E5D000AD525 /* Sources */,
				B10BF46B254D7E5D000AD525 /* Frameworks */,
				B10BF46C254D7E5D000AD525 /* Resources */,
				A8C6AEF8EC351B10B70FBE5C /* [CP] Embed Pods Frameworks */,
			);
			buildRules = (
			);
			dependencies = (
				B10BF470254D7E5D000AD525 /* PBXTargetDependency */,
			);
			name = RxSwiftExampleUITests;
			productName = RxSwiftExampleUITests;
			productReference = B10BF46E254D7E5D000AD525 /* RxSwiftExampleUITests.xctest */;
			productType = "com.apple.product-type.bundle.ui-testing";
		};
/* End PBXNativeTarget section */

/* Begin PBXProject section */
		B10BF445254D7E5B000AD525 /* Project object */ = {
			isa = PBXProject;
			attributes = {
				LastSwiftUpdateCheck = 1210;
				LastUpgradeCheck = 1210;
				TargetAttributes = {
					B10BF44C254D7E5B000AD525 = {
						CreatedOnToolsVersion = 12.1;
					};
					B10BF462254D7E5D000AD525 = {
						CreatedOnToolsVersion = 12.1;
						TestTargetID = B10BF44C254D7E5B000AD525;
					};
					B10BF46D254D7E5D000AD525 = {
						CreatedOnToolsVersion = 12.1;
						TestTargetID = B10BF44C254D7E5B000AD525;
					};
				};
			};
			buildConfigurationList = B10BF448254D7E5B000AD525 /* Build configuration list for PBXProject "RxSwiftExample" */;
			compatibilityVersion = "Xcode 9.3";
			developmentRegion = en;
			hasScannedForEncodings = 0;
			knownRegions = (
				en,
				Base,
			);
			mainGroup = B10BF444254D7E5B000AD525;
			productRefGroup = B10BF44E254D7E5B000AD525 /* Products */;
			projectDirPath = "";
			projectRoot = "";
			targets = (
				B10BF44C254D7E5B000AD525 /* RxSwiftExample */,
				B10BF462254D7E5D000AD525 /* RxSwiftExampleTests */,
				B10BF46D254D7E5D000AD525 /* RxSwiftExampleUITests */,
			);
		};
/* End PBXProject section */

/* Begin PBXResourcesBuildPhase section */
		B10BF44B254D7E5B000AD525 /* Resources */ = {
			isa = PBXResourcesBuildPhase;
			buildActionMask = 2147483647;
			files = (
				B10BF45D254D7E5D000AD525 /* LaunchScreen.storyboard in Resources */,
				B10BF45A254D7E5D000AD525 /* Assets.xcassets in Resources */,
				B10BF458254D7E5B000AD525 /* Main.storyboard in Resources */,
			);
			runOnlyForDeploymentPostprocessing = 0;
		};
		B10BF461254D7E5D000AD525 /* Resources */ = {
			isa = PBXResourcesBuildPhase;
			buildActionMask = 2147483647;
			files = (
			);
			runOnlyForDeploymentPostprocessing = 0;
		};
		B10BF46C254D7E5D000AD525 /* Resources */ = {
			isa = PBXResourcesBuildPhase;
			buildActionMask = 2147483647;
			files = (
			);
			runOnlyForDeploymentPostprocessing = 0;
		};
/* End PBXResourcesBuildPhase section */

/* Begin PBXShellScriptBuildPhase section */
		0FC729169515F876E0D1095D /* [CP] Embed Pods Frameworks */ = {
			isa = PBXShellScriptBuildPhase;
			buildActionMask = 2147483647;
			files = (
			);
			inputFileListPaths = (
				"${PODS_ROOT}/Target Support Files/Pods-RxSwiftExample/Pods-RxSwiftExample-frameworks-${CONFIGURATION}-input-files.xcfilelist",
			);
			name = "[CP] Embed Pods Frameworks";
			outputFileListPaths = (
				"${PODS_ROOT}/Target Support Files/Pods-RxSwiftExample/Pods-RxSwiftExample-frameworks-${CONFIGURATION}-output-files.xcfilelist",
			);
			runOnlyForDeploymentPostprocessing = 0;
			shellPath = /bin/sh;
			shellScript = "\"${PODS_ROOT}/Target Support Files/Pods-RxSwiftExample/Pods-RxSwiftExample-frameworks.sh\"\n";
			showEnvVarsInLog = 0;
		};
		183D9BF59CE67750116B423C /* [CP] Check Pods Manifest.lock */ = {
			isa = PBXShellScriptBuildPhase;
			buildActionMask = 2147483647;
			files = (
			);
			inputFileListPaths = (
			);
			inputPaths = (
				"${PODS_PODFILE_DIR_PATH}/Podfile.lock",
				"${PODS_ROOT}/Manifest.lock",
			);
			name = "[CP] Check Pods Manifest.lock";
			outputFileListPaths = (
			);
			outputPaths = (
				"$(DERIVED_FILE_DIR)/Pods-RxSwiftExampleTests-checkManifestLockResult.txt",
			);
			runOnlyForDeploymentPostprocessing = 0;
			shellPath = /bin/sh;
			shellScript = "diff \"${PODS_PODFILE_DIR_PATH}/Podfile.lock\" \"${PODS_ROOT}/Manifest.lock\" > /dev/null\nif [ $? != 0 ] ; then\n    # print error to STDERR\n    echo \"error: The sandbox is not in sync with the Podfile.lock. Run 'pod install' or update your CocoaPods installation.\" >&2\n    exit 1\nfi\n# This output is used by Xcode 'outputs' to avoid re-running this script phase.\necho \"SUCCESS\" > \"${SCRIPT_OUTPUT_FILE_0}\"\n";
			showEnvVarsInLog = 0;
		};
		1B3195333A0C986AF693BAAA /* [CP] Check Pods Manifest.lock */ = {
			isa = PBXShellScriptBuildPhase;
			buildActionMask = 2147483647;
			files = (
			);
			inputFileListPaths = (
			);
			inputPaths = (
				"${PODS_PODFILE_DIR_PATH}/Podfile.lock",
				"${PODS_ROOT}/Manifest.lock",
			);
			name = "[CP] Check Pods Manifest.lock";
			outputFileListPaths = (
			);
			outputPaths = (
				"$(DERIVED_FILE_DIR)/Pods-RxSwiftExample-checkManifestLockResult.txt",
			);
			runOnlyForDeploymentPostprocessing = 0;
			shellPath = /bin/sh;
			shellScript = "diff \"${PODS_PODFILE_DIR_PATH}/Podfile.lock\" \"${PODS_ROOT}/Manifest.lock\" > /dev/null\nif [ $? != 0 ] ; then\n    # print error to STDERR\n    echo \"error: The sandbox is not in sync with the Podfile.lock. Run 'pod install' or update your CocoaPods installation.\" >&2\n    exit 1\nfi\n# This output is used by Xcode 'outputs' to avoid re-running this script phase.\necho \"SUCCESS\" > \"${SCRIPT_OUTPUT_FILE_0}\"\n";
			showEnvVarsInLog = 0;
		};
		98293DFA91B08860B9A80800 /* [CP] Embed Pods Frameworks */ = {
			isa = PBXShellScriptBuildPhase;
			buildActionMask = 2147483647;
			files = (
			);
			inputFileListPaths = (
				"${PODS_ROOT}/Target Support Files/Pods-RxSwiftExampleTests/Pods-RxSwiftExampleTests-frameworks-${CONFIGURATION}-input-files.xcfilelist",
			);
			name = "[CP] Embed Pods Frameworks";
			outputFileListPaths = (
				"${PODS_ROOT}/Target Support Files/Pods-RxSwiftExampleTests/Pods-RxSwiftExampleTests-frameworks-${CONFIGURATION}-output-files.xcfilelist",
			);
			runOnlyForDeploymentPostprocessing = 0;
			shellPath = /bin/sh;
			shellScript = "\"${PODS_ROOT}/Target Support Files/Pods-RxSwiftExampleTests/Pods-RxSwiftExampleTests-frameworks.sh\"\n";
			showEnvVarsInLog = 0;
		};
		A8C6AEF8EC351B10B70FBE5C /* [CP] Embed Pods Frameworks */ = {
			isa = PBXShellScriptBuildPhase;
			buildActionMask = 2147483647;
			files = (
			);
			inputFileListPaths = (
				"${PODS_ROOT}/Target Support Files/Pods-RxSwiftExample-RxSwiftExampleUITests/Pods-RxSwiftExample-RxSwiftExampleUITests-frameworks-${CONFIGURATION}-input-files.xcfilelist",
			);
			name = "[CP] Embed Pods Frameworks";
			outputFileListPaths = (
				"${PODS_ROOT}/Target Support Files/Pods-RxSwiftExample-RxSwiftExampleUITests/Pods-RxSwiftExample-RxSwiftExampleUITests-frameworks-${CONFIGURATION}-output-files.xcfilelist",
			);
			runOnlyForDeploymentPostprocessing = 0;
			shellPath = /bin/sh;
			shellScript = "\"${PODS_ROOT}/Target Support Files/Pods-RxSwiftExample-RxSwiftExampleUITests/Pods-RxSwiftExample-RxSwiftExampleUITests-frameworks.sh\"\n";
			showEnvVarsInLog = 0;
		};
		F8ED1D3AE56826C01CB04B1D /* [CP] Check Pods Manifest.lock */ = {
			isa = PBXShellScriptBuildPhase;
			buildActionMask = 2147483647;
			files = (
			);
			inputFileListPaths = (
			);
			inputPaths = (
				"${PODS_PODFILE_DIR_PATH}/Podfile.lock",
				"${PODS_ROOT}/Manifest.lock",
			);
			name = "[CP] Check Pods Manifest.lock";
			outputFileListPaths = (
			);
			outputPaths = (
				"$(DERIVED_FILE_DIR)/Pods-RxSwiftExample-RxSwiftExampleUITests-checkManifestLockResult.txt",
			);
			runOnlyForDeploymentPostprocessing = 0;
			shellPath = /bin/sh;
			shellScript = "diff \"${PODS_PODFILE_DIR_PATH}/Podfile.lock\" \"${PODS_ROOT}/Manifest.lock\" > /dev/null\nif [ $? != 0 ] ; then\n    # print error to STDERR\n    echo \"error: The sandbox is not in sync with the Podfile.lock. Run 'pod install' or update your CocoaPods installation.\" >&2\n    exit 1\nfi\n# This output is used by Xcode 'outputs' to avoid re-running this script phase.\necho \"SUCCESS\" > \"${SCRIPT_OUTPUT_FILE_0}\"\n";
			showEnvVarsInLog = 0;
		};
/* End PBXShellScriptBuildPhase section */

/* Begin PBXSourcesBuildPhase section */
		B10BF449254D7E5B000AD525 /* Sources */ = {
			isa = PBXSourcesBuildPhase;
			buildActionMask = 2147483647;
			files = (
				B10BF455254D7E5B000AD525 /* ViewController.swift in Sources */,
				B10BF451254D7E5B000AD525 /* AppDelegate.swift in Sources */,
				B10BF453254D7E5B000AD525 /* SceneDelegate.swift in Sources */,
			);
			runOnlyForDeploymentPostprocessing = 0;
		};
		B10BF45F254D7E5D000AD525 /* Sources */ = {
			isa = PBXSourcesBuildPhase;
			buildActionMask = 2147483647;
			files = (
				B10BF468254D7E5D000AD525 /* RxSwiftExampleTests.swift in Sources */,
			);
			runOnlyForDeploymentPostprocessing = 0;
		};
		B10BF46A254D7E5D000AD525 /* Sources */ = {
			isa = PBXSourcesBuildPhase;
			buildActionMask = 2147483647;
			files = (
				B10BF473254D7E5D000AD525 /* RxSwiftExampleUITests.swift in Sources */,
			);
			runOnlyForDeploymentPostprocessing = 0;
		};
/* End PBXSourcesBuildPhase section */

/* Begin PBXTargetDependency section */
		B10BF465254D7E5D000AD525 /* PBXTargetDependency */ = {
			isa = PBXTargetDependency;
			target = B10BF44C254D7E5B000AD525 /* RxSwiftExample */;
			targetProxy = B10BF464254D7E5D000AD525 /* PBXContainerItemProxy */;
		};
		B10BF470254D7E5D000AD525 /* PBXTargetDependency */ = {
			isa = PBXTargetDependency;
			target = B10BF44C254D7E5B000AD525 /* RxSwiftExample */;
			targetProxy = B10BF46F254D7E5D000AD525 /* PBXContainerItemProxy */;
		};
/* End PBXTargetDependency section */

/* Begin PBXVariantGroup section */
		B10BF456254D7E5B000AD525 /* Main.storyboard */ = {
			isa = PBXVariantGroup;
			children = (
				B10BF457254D7E5B000AD525 /* Base */,
			);
			name = Main.storyboard;
			sourceTree = "<group>";
		};
		B10BF45B254D7E5D000AD525 /* LaunchScreen.storyboard */ = {
			isa = PBXVariantGroup;
			children = (
				B10BF45C254D7E5D000AD525 /* Base */,
			);
			name = LaunchScreen.storyboard;
			sourceTree = "<group>";
		};
/* End PBXVariantGroup section */

/* Begin XCBuildConfiguration section */
		B10BF475254D7E5D000AD525 /* Debug */ = {
			isa = XCBuildConfiguration;
			buildSettings = {
				ALWAYS_SEARCH_USER_PATHS = NO;
				CLANG_ANALYZER_NONNULL = YES;
				CLANG_ANALYZER_NUMBER_OBJECT_CONVERSION = YES_AGGRESSIVE;
				CLANG_CXX_LANGUAGE_STANDARD = "gnu++14";
				CLANG_CXX_LIBRARY = "libc++";
				CLANG_ENABLE_MODULES = YES;
				CLANG_ENABLE_OBJC_ARC = YES;
				CLANG_ENABLE_OBJC_WEAK = YES;
				CLANG_WARN_BLOCK_CAPTURE_AUTORELEASING = YES;
				CLANG_WARN_BOOL_CONVERSION = YES;
				CLANG_WARN_COMMA = YES;
				CLANG_WARN_CONSTANT_CONVERSION = YES;
				CLANG_WARN_DEPRECATED_OBJC_IMPLEMENTATIONS = YES;
				CLANG_WARN_DIRECT_OBJC_ISA_USAGE = YES_ERROR;
				CLANG_WARN_DOCUMENTATION_COMMENTS = YES;
				CLANG_WARN_EMPTY_BODY = YES;
				CLANG_WARN_ENUM_CONVERSION = YES;
				CLANG_WARN_INFINITE_RECURSION = YES;
				CLANG_WARN_INT_CONVERSION = YES;
				CLANG_WARN_NON_LITERAL_NULL_CONVERSION = YES;
				CLANG_WARN_OBJC_IMPLICIT_RETAIN_SELF = YES;
				CLANG_WARN_OBJC_LITERAL_CONVERSION = YES;
				CLANG_WARN_OBJC_ROOT_CLASS = YES_ERROR;
				CLANG_WARN_QUOTED_INCLUDE_IN_FRAMEWORK_HEADER = YES;
				CLANG_WARN_RANGE_LOOP_ANALYSIS = YES;
				CLANG_WARN_STRICT_PROTOTYPES = YES;
				CLANG_WARN_SUSPICIOUS_MOVE = YES;
				CLANG_WARN_UNGUARDED_AVAILABILITY = YES_AGGRESSIVE;
				CLANG_WARN_UNREACHABLE_CODE = YES;
				CLANG_WARN__DUPLICATE_METHOD_MATCH = YES;
				COPY_PHASE_STRIP = NO;
				DEBUG_INFORMATION_FORMAT = dwarf;
				ENABLE_STRICT_OBJC_MSGSEND = YES;
				ENABLE_TESTABILITY = YES;
				GCC_C_LANGUAGE_STANDARD = gnu11;
				GCC_DYNAMIC_NO_PIC = NO;
				GCC_NO_COMMON_BLOCKS = YES;
				GCC_OPTIMIZATION_LEVEL = 0;
				GCC_PREPROCESSOR_DEFINITIONS = (
					"DEBUG=1",
					"$(inherited)",
				);
				GCC_WARN_64_TO_32_BIT_CONVERSION = YES;
				GCC_WARN_ABOUT_RETURN_TYPE = YES_ERROR;
				GCC_WARN_UNDECLARED_SELECTOR = YES;
				GCC_WARN_UNINITIALIZED_AUTOS = YES_AGGRESSIVE;
				GCC_WARN_UNUSED_FUNCTION = YES;
				GCC_WARN_UNUSED_VARIABLE = YES;
				IPHONEOS_DEPLOYMENT_TARGET = 14.1;
				MTL_ENABLE_DEBUG_INFO = INCLUDE_SOURCE;
				MTL_FAST_MATH = YES;
				ONLY_ACTIVE_ARCH = YES;
				SDKROOT = iphoneos;
				SWIFT_ACTIVE_COMPILATION_CONDITIONS = DEBUG;
				SWIFT_OPTIMIZATION_LEVEL = "-Onone";
			};
			name = Debug;
		};
		B10BF476254D7E5D000AD525 /* Release */ = {
			isa = XCBuildConfiguration;
			buildSettings = {
				ALWAYS_SEARCH_USER_PATHS = NO;
				CLANG_ANALYZER_NONNULL = YES;
				CLANG_ANALYZER_NUMBER_OBJECT_CONVERSION = YES_AGGRESSIVE;
				CLANG_CXX_LANGUAGE_STANDARD = "gnu++14";
				CLANG_CXX_LIBRARY = "libc++";
				CLANG_ENABLE_MODULES = YES;
				CLANG_ENABLE_OBJC_ARC = YES;
				CLANG_ENABLE_OBJC_WEAK = YES;
				CLANG_WARN_BLOCK_CAPTURE_AUTORELEASING = YES;
				CLANG_WARN_BOOL_CONVERSION = YES;
				CLANG_WARN_COMMA = YES;
				CLANG_WARN_CONSTANT_CONVERSION = YES;
				CLANG_WARN_DEPRECATED_OBJC_IMPLEMENTATIONS = YES;
				CLANG_WARN_DIRECT_OBJC_ISA_USAGE = YES_ERROR;
				CLANG_WARN_DOCUMENTATION_COMMENTS = YES;
				CLANG_WARN_EMPTY_BODY = YES;
				CLANG_WARN_ENUM_CONVERSION = YES;
				CLANG_WARN_INFINITE_RECURSION = YES;
				CLANG_WARN_INT_CONVERSION = YES;
				CLANG_WARN_NON_LITERAL_NULL_CONVERSION = YES;
				CLANG_WARN_OBJC_IMPLICIT_RETAIN_SELF = YES;
				CLANG_WARN_OBJC_LITERAL_CONVERSION = YES;
				CLANG_WARN_OBJC_ROOT_CLASS = YES_ERROR;
				CLANG_WARN_QUOTED_INCLUDE_IN_FRAMEWORK_HEADER = YES;
				CLANG_WARN_RANGE_LOOP_ANALYSIS = YES;
				CLANG_WARN_STRICT_PROTOTYPES = YES;
				CLANG_WARN_SUSPICIOUS_MOVE = YES;
				CLANG_WARN_UNGUARDED_AVAILABILITY = YES_AGGRESSIVE;
				CLANG_WARN_UNREACHABLE_CODE = YES;
				CLANG_WARN__DUPLICATE_METHOD_MATCH = YES;
				COPY_PHASE_STRIP = NO;
				DEBUG_INFORMATION_FORMAT = "dwarf-with-dsym";
				ENABLE_NS_ASSERTIONS = NO;
				ENABLE_STRICT_OBJC_MSGSEND = YES;
				GCC_C_LANGUAGE_STANDARD = gnu11;
				GCC_NO_COMMON_BLOCKS = YES;
				GCC_WARN_64_TO_32_BIT_CONVERSION = YES;
				GCC_WARN_ABOUT_RETURN_TYPE = YES_ERROR;
				GCC_WARN_UNDECLARED_SELECTOR = YES;
				GCC_WARN_UNINITIALIZED_AUTOS = YES_AGGRESSIVE;
				GCC_WARN_UNUSED_FUNCTION = YES;
				GCC_WARN_UNUSED_VARIABLE = YES;
				IPHONEOS_DEPLOYMENT_TARGET = 14.1;
				MTL_ENABLE_DEBUG_INFO = NO;
				MTL_FAST_MATH = YES;
				SDKROOT = iphoneos;
				SWIFT_COMPILATION_MODE = wholemodule;
				SWIFT_OPTIMIZATION_LEVEL = "-O";
				VALIDATE_PRODUCT = YES;
			};
			name = Release;
		};
		B10BF478254D7E5D000AD525 /* Debug */ = {
			isa = XCBuildConfiguration;
			baseConfigurationReference = 96F70BB16FE4BF671FCE2EA1 /* Pods-RxSwiftExample.debug.xcconfig */;
			buildSettings = {
				ASSETCATALOG_COMPILER_APPICON_NAME = AppIcon;
				ASSETCATALOG_COMPILER_GLOBAL_ACCENT_COLOR_NAME = AccentColor;
				CODE_SIGN_STYLE = Automatic;
				INFOPLIST_FILE = RxSwiftExample/Info.plist;
				LD_RUNPATH_SEARCH_PATHS = (
					"$(inherited)",
					"@executable_path/Frameworks",
				);
				PRODUCT_BUNDLE_IDENTIFIER = com.learning.test.RxSwiftExample;
				PRODUCT_NAME = "$(TARGET_NAME)";
				SWIFT_VERSION = 5.0;
				TARGETED_DEVICE_FAMILY = "1,2";
			};
			name = Debug;
		};
		B10BF479254D7E5D000AD525 /* Release */ = {
			isa = XCBuildConfiguration;
			baseConfigurationReference = 79A6434C7F57F9464F7BA4BD /* Pods-RxSwiftExample.release.xcconfig */;
			buildSettings = {
				ASSETCATALOG_COMPILER_APPICON_NAME = AppIcon;
				ASSETCATALOG_COMPILER_GLOBAL_ACCENT_COLOR_NAME = AccentColor;
				CODE_SIGN_STYLE = Automatic;
				INFOPLIST_FILE = RxSwiftExample/Info.plist;
				LD_RUNPATH_SEARCH_PATHS = (
					"$(inherited)",
					"@executable_path/Frameworks",
				);
				PRODUCT_BUNDLE_IDENTIFIER = com.learning.test.RxSwiftExample;
				PRODUCT_NAME = "$(TARGET_NAME)";
				SWIFT_VERSION = 5.0;
				TARGETED_DEVICE_FAMILY = "1,2";
			};
			name = Release;
		};
		B10BF47B254D7E5D000AD525 /* Debug */ = {
			isa = XCBuildConfiguration;
			baseConfigurationReference = 6685D52A2B9E67474D4678D0 /* Pods-RxSwiftExampleTests.debug.xcconfig */;
			buildSettings = {
				ALWAYS_EMBED_SWIFT_STANDARD_LIBRARIES = YES;
				BUNDLE_LOADER = "$(TEST_HOST)";
				CODE_SIGN_STYLE = Automatic;
				INFOPLIST_FILE = RxSwiftExampleTests/Info.plist;
				IPHONEOS_DEPLOYMENT_TARGET = 14.1;
				LD_RUNPATH_SEARCH_PATHS = (
					"$(inherited)",
					"@executable_path/Frameworks",
					"@loader_path/Frameworks",
				);
				PRODUCT_BUNDLE_IDENTIFIER = com.learning.test.RxSwiftExampleTests;
				PRODUCT_NAME = "$(TARGET_NAME)";
				SWIFT_VERSION = 5.0;
				TARGETED_DEVICE_FAMILY = "1,2";
				TEST_HOST = "$(BUILT_PRODUCTS_DIR)/RxSwiftExample.app/RxSwiftExample";
			};
			name = Debug;
		};
		B10BF47C254D7E5D000AD525 /* Release */ = {
			isa = XCBuildConfiguration;
			baseConfigurationReference = 03C2239C977A80AA326CC351 /* Pods-RxSwiftExampleTests.release.xcconfig */;
			buildSettings = {
				ALWAYS_EMBED_SWIFT_STANDARD_LIBRARIES = YES;
				BUNDLE_LOADER = "$(TEST_HOST)";
				CODE_SIGN_STYLE = Automatic;
				INFOPLIST_FILE = RxSwiftExampleTests/Info.plist;
				IPHONEOS_DEPLOYMENT_TARGET = 14.1;
				LD_RUNPATH_SEARCH_PATHS = (
					"$(inherited)",
					"@executable_path/Frameworks",
					"@loader_path/Frameworks",
				);
				PRODUCT_BUNDLE_IDENTIFIER = com.learning.test.RxSwiftExampleTests;
				PRODUCT_NAME = "$(TARGET_NAME)";
				SWIFT_VERSION = 5.0;
				TARGETED_DEVICE_FAMILY = "1,2";
				TEST_HOST = "$(BUILT_PRODUCTS_DIR)/RxSwiftExample.app/RxSwiftExample";
			};
			name = Release;
		};
		B10BF47E254D7E5D000AD525 /* Debug */ = {
			isa = XCBuildConfiguration;
			baseConfigurationReference = 48B00A23B8DA64F887C6A649 /* Pods-RxSwiftExample-RxSwiftExampleUITests.debug.xcconfig */;
			buildSettings = {
				ALWAYS_EMBED_SWIFT_STANDARD_LIBRARIES = YES;
				CODE_SIGN_STYLE = Automatic;
				INFOPLIST_FILE = RxSwiftExampleUITests/Info.plist;
				LD_RUNPATH_SEARCH_PATHS = (
					"$(inherited)",
					"@executable_path/Frameworks",
					"@loader_path/Frameworks",
				);
				PRODUCT_BUNDLE_IDENTIFIER = com.learning.test.RxSwiftExampleUITests;
				PRODUCT_NAME = "$(TARGET_NAME)";
				SWIFT_VERSION = 5.0;
				TARGETED_DEVICE_FAMILY = "1,2";
				TEST_TARGET_NAME = RxSwiftExample;
			};
			name = Debug;
		};
		B10BF47F254D7E5D000AD525 /* Release */ = {
			isa = XCBuildConfiguration;
			baseConfigurationReference = B5241F9C8411F02E01F0A1F3 /* Pods-RxSwiftExample-RxSwiftExampleUITests.release.xcconfig */;
			buildSettings = {
				ALWAYS_EMBED_SWIFT_STANDARD_LIBRARIES = YES;
				CODE_SIGN_STYLE = Automatic;
				INFOPLIST_FILE = RxSwiftExampleUITests/Info.plist;
				LD_RUNPATH_SEARCH_PATHS = (
					"$(inherited)",
					"@executable_path/Frameworks",
					"@loader_path/Frameworks",
				);
				PRODUCT_BUNDLE_IDENTIFIER = com.learning.test.RxSwiftExampleUITests;
				PRODUCT_NAME = "$(TARGET_NAME)";
				SWIFT_VERSION = 5.0;
				TARGETED_DEVICE_FAMILY = "1,2";
				TEST_TARGET_NAME = RxSwiftExample;
			};
			name = Release;
		};
/* End XCBuildConfiguration section */

/* Begin XCConfigurationList section */
		B10BF448254D7E5B000AD525 /* Build configuration list for PBXProject "RxSwiftExample" */ = {
			isa = XCConfigurationList;
			buildConfigurations = (
				B10BF475254D7E5D000AD525 /* Debug */,
				B10BF476254D7E5D000AD525 /* Release */,
			);
			defaultConfigurationIsVisible = 0;
			defaultConfigurationName = Release;
		};
		B10BF477254D7E5D000AD525 /* Build configuration list for PBXNativeTarget "RxSwiftExample" */ = {
			isa = XCConfigurationList;
			buildConfigurations = (
				B10BF478254D7E5D000AD525 /* Debug */,
				B10BF479254D7E5D000AD525 /* Release */,
			);
			defaultConfigurationIsVisible = 0;
			defaultConfigurationName = Release;
		};
		B10BF47A254D7E5D000AD525 /* Build configuration list for PBXNativeTarget "RxSwiftExampleTests" */ = {
			isa = XCConfigurationList;
			buildConfigurations = (
				B10BF47B254D7E5D000AD525 /* Debug */,
				B10BF47C254D7E5D000AD525 /* Release */,
			);
			defaultConfigurationIsVisible = 0;
			defaultConfigurationName = Release;
		};
		B10BF47D254D7E5D000AD525 /* Build configuration list for PBXNativeTarget "RxSwiftExampleUITests" */ = {
			isa = XCConfigurationList;
			buildConfigurations = (
				B10BF47E254D7E5D000AD525 /* Debug */,
				B10BF47F254D7E5D000AD525 /* Release */,
			);
			defaultConfigurationIsVisible = 0;
			defaultConfigurationName = Release;
		};
/* End XCConfigurationList section */
	};
	rootObject = B10BF445254D7E5B000AD525 /* Project object */;
}
